{
  "name": "@rbxts/colour-utils",
  "version": "1.0.2",
  "lockfileVersion": 2,
  "requires": true,
  "packages": {
    "": {
      "name": "@rbxts/colour-utils",
      "version": "1.0.2",
      "license": "MIT",
      "devDependencies": {
        "@rbxts/types": "^1.0.514"
      }
    },
    "node_modules/@rbxts/types": {
      "version": "1.0.514",
      "resolved": "https://registry.npmjs.org/@rbxts/types/-/types-1.0.514.tgz",
      "integrity": "sha512-5Dbw1F3Vct9UYfddJhFh0DtlawNK/cHmbwnG3l9dAXOFdey/ztG4X1RHA9mhVyiFUmD5Ct7o3F27b9Umr7RrQw==",
      "dev": true
    }
  },
  "dependencies": {
    "@rbxts/types": {
      "version": "1.0.514",
      "resolved": "https://registry.npmjs.org/@rbxts/types/-/types-1.0.514.tgz",
      "integrity": "sha512-5Dbw1F3Vct9UYfddJhFh0DtlawNK/cHmbwnG3l9dAXOFdey/ztG4X1RHA9mhVyiFUmD5Ct7o3F27b9Umr7RrQw==",
      "dev": true
    }
  }
}
