# THIS IS AN AUTOGENERATED FILE. DO NOT EDIT THIS FILE DIRECTLY.
# yarn lockfile v1


"@rbxts/types@^1.0.514":
  "integrity" "sha512-5Dbw1F3Vct9UYfddJhFh0DtlawNK/cHmbwnG3l9dAXOFdey/ztG4X1RHA9mhVyiFUmD5Ct7o3F27b9Umr7RrQw=="
  "resolved" "https://registry.npmjs.org/@rbxts/types/-/types-1.0.514.tgz"
  "version" "1.0.514"
